
Microsoft Visual Studio Solution File, Format Version 12.00
# Visual Studio Version 17
VisualStudioVersion = 17.11.35327.3
MinimumVisualStudioVersion = 10.0.40219.1
Project("{FAE04EC0-301F-11D3-BF4B-00C04F79EFBC}") = "DogsHouse", "DogsHouse\DogsHouse.csproj", "{82D3C3F0-BC09-4EFC-A657-54622B4DEC76}"
EndProject
Global
	GlobalSection(SolutionConfigurationPlatforms) = preSolution
		Debug|Any CPU = Debug|Any CPU
		Release|Any CPU = Release|Any CPU
	EndGlobalSection
	GlobalSection(ProjectConfigurationPlatforms) = postSolution
		{82D3C3F0-BC09-4EFC-A657-54622B4DEC76}.Debug|Any CPU.ActiveCfg = Debug|Any CPU
		{82D3C3F0-BC09-4EFC-A657-54622B4DEC76}.Debug|Any CPU.Build.0 = Debug|Any CPU
		{82D3C3F0-BC09-4EFC-A657-54622B4DEC76}.Release|Any CPU.ActiveCfg = Release|Any CPU
		{82D3C3F0-BC09-4EFC-A657-54622B4DEC76}.Release|Any CPU.Build.0 = Release|Any CPU
	EndGlobalSection
	GlobalSection(SolutionProperties) = preSolution
		HideSolutionNode = FALSE
	EndGlobalSection
	GlobalSection(ExtensibilityGlobals) = postSolution
		SolutionGuid = {48ABAC51-30B6-44B2-8E90-610E69EA7B11}
	EndGlobalSection
EndGlobal
